
Microsoft Visual Studio Solution File, Format Version 12.00
# Visual Studio Version 17
VisualStudioVersion = 17.2.32630.192
MinimumVisualStudioVersion = 10.0.40219.1
Project("{9A19103F-16F7-4668-BE54-9A1E7A4F7556}") = "R5T.T0183.Construction", "R5T.T0183.Construction\R5T.T0183.Construction.csproj", "{324FB5ED-202F-4593-93DF-48FA4CFB9C5D}"
EndProject
Project("{9A19103F-16F7-4668-BE54-9A1E7A4F7556}") = "R5T.T0183", "R5T.T0183\R5T.T0183.csproj", "{C06882AF-CB3D-45C4-B94B-DD8EBCFDD326}"
EndProject
Project("{2150E333-8FDC-42A3-9474-1A3956D46DE8}") = "_Dependencies", "_Dependencies", "{735915DF-8124-4A7E-88BF-8A54B01F543D}"
EndProject
Project("{9A19103F-16F7-4668-BE54-9A1E7A4F7556}") = "R5T.T0132", "..\..\R5T.T0132\source\R5T.T0132\R5T.T0132.csproj", "{80CE8BD9-3955-4990-A280-4268AEC8799C}"
EndProject
Project("{9A19103F-16F7-4668-BE54-9A1E7A4F7556}") = "R5T.T0143", "..\..\R5T.T0143\source\R5T.T0143\R5T.T0143.csproj", "{79C0B283-C9E0-4279-AADD-B19FFFBD6E72}"
EndProject
Project("{9A19103F-16F7-4668-BE54-9A1E7A4F7556}") = "R5T.T0178", "..\..\R5T.T0178\source\R5T.T0178\R5T.T0178.csproj", "{A9E4F05C-46F4-4EED-9473-36F5A97BE72E}"
EndProject
Project("{9A19103F-16F7-4668-BE54-9A1E7A4F7556}") = "R5T.T0179", "..\..\R5T.T0179\source\R5T.T0179\R5T.T0179.csproj", "{6CD60926-0B3B-4491-A8C2-428FDFE68533}"
EndProject
Project("{9A19103F-16F7-4668-BE54-9A1E7A4F7556}") = "R5T.T0156", "..\..\R5T.T0156\source\R5T.T0156\R5T.T0156.csproj", "{970F78C5-A119-4EF8-8EF9-2CA8B7BDCB75}"
EndProject
Project("{9A19103F-16F7-4668-BE54-9A1E7A4F7556}") = "R5T.Y0005", "..\..\R5T.Y0005\source\R5T.Y0005\R5T.Y0005.csproj", "{9FD9760B-B17F-4224-99AC-2DFC8631A7B2}"
EndProject
Global
	GlobalSection(NestedProjects) = preSolution
		{80CE8BD9-3955-4990-A280-4268AEC8799C} = {735915DF-8124-4A7E-88BF-8A54B01F543D}
		{79C0B283-C9E0-4279-AADD-B19FFFBD6E72} = {735915DF-8124-4A7E-88BF-8A54B01F543D}
		{A9E4F05C-46F4-4EED-9473-36F5A97BE72E} = {735915DF-8124-4A7E-88BF-8A54B01F543D}
		{6CD60926-0B3B-4491-A8C2-428FDFE68533} = {735915DF-8124-4A7E-88BF-8A54B01F543D}
		{970F78C5-A119-4EF8-8EF9-2CA8B7BDCB75} = {735915DF-8124-4A7E-88BF-8A54B01F543D}
		{9FD9760B-B17F-4224-99AC-2DFC8631A7B2} = {735915DF-8124-4A7E-88BF-8A54B01F543D}
	EndGlobalSection
	GlobalSection(SolutionConfigurationPlatforms) = preSolution
		Debug|Any CPU = Debug|Any CPU
		Release|Any CPU = Release|Any CPU
	EndGlobalSection
	GlobalSection(ProjectConfigurationPlatforms) = postSolution
		{324FB5ED-202F-4593-93DF-48FA4CFB9C5D}.Debug|Any CPU.ActiveCfg = Debug|Any CPU
		{324FB5ED-202F-4593-93DF-48FA4CFB9C5D}.Debug|Any CPU.Build.0 = Debug|Any CPU
		{324FB5ED-202F-4593-93DF-48FA4CFB9C5D}.Release|Any CPU.ActiveCfg = Release|Any CPU
		{324FB5ED-202F-4593-93DF-48FA4CFB9C5D}.Release|Any CPU.Build.0 = Release|Any CPU
		{C06882AF-CB3D-45C4-B94B-DD8EBCFDD326}.Debug|Any CPU.ActiveCfg = Debug|Any CPU
		{C06882AF-CB3D-45C4-B94B-DD8EBCFDD326}.Debug|Any CPU.Build.0 = Debug|Any CPU
		{C06882AF-CB3D-45C4-B94B-DD8EBCFDD326}.Release|Any CPU.ActiveCfg = Release|Any CPU
		{C06882AF-CB3D-45C4-B94B-DD8EBCFDD326}.Release|Any CPU.Build.0 = Release|Any CPU
		{80CE8BD9-3955-4990-A280-4268AEC8799C}.Debug|Any CPU.ActiveCfg = Debug|Any CPU
		{80CE8BD9-3955-4990-A280-4268AEC8799C}.Debug|Any CPU.Build.0 = Debug|Any CPU
		{80CE8BD9-3955-4990-A280-4268AEC8799C}.Release|Any CPU.ActiveCfg = Release|Any CPU
		{80CE8BD9-3955-4990-A280-4268AEC8799C}.Release|Any CPU.Build.0 = Release|Any CPU
		{79C0B283-C9E0-4279-AADD-B19FFFBD6E72}.Debug|Any CPU.ActiveCfg = Debug|Any CPU
		{79C0B283-C9E0-4279-AADD-B19FFFBD6E72}.Debug|Any CPU.Build.0 = Debug|Any CPU
		{79C0B283-C9E0-4279-AADD-B19FFFBD6E72}.Release|Any CPU.ActiveCfg = Release|Any CPU
		{79C0B283-C9E0-4279-AADD-B19FFFBD6E72}.Release|Any CPU.Build.0 = Release|Any CPU
		{A9E4F05C-46F4-4EED-9473-36F5A97BE72E}.Debug|Any CPU.ActiveCfg = Debug|Any CPU
		{A9E4F05C-46F4-4EED-9473-36F5A97BE72E}.Debug|Any CPU.Build.0 = Debug|Any CPU
		{A9E4F05C-46F4-4EED-9473-36F5A97BE72E}.Release|Any CPU.ActiveCfg = Release|Any CPU
		{A9E4F05C-46F4-4EED-9473-36F5A97BE72E}.Release|Any CPU.Build.0 = Release|Any CPU
		{6CD60926-0B3B-4491-A8C2-428FDFE68533}.Debug|Any CPU.ActiveCfg = Debug|Any CPU
		{6CD60926-0B3B-4491-A8C2-428FDFE68533}.Debug|Any CPU.Build.0 = Debug|Any CPU
		{6CD60926-0B3B-4491-A8C2-428FDFE68533}.Release|Any CPU.ActiveCfg = Release|Any CPU
		{6CD60926-0B3B-4491-A8C2-428FDFE68533}.Release|Any CPU.Build.0 = Release|Any CPU
		{970F78C5-A119-4EF8-8EF9-2CA8B7BDCB75}.Debug|Any CPU.ActiveCfg = Debug|Any CPU
		{970F78C5-A119-4EF8-8EF9-2CA8B7BDCB75}.Debug|Any CPU.Build.0 = Debug|Any CPU
		{970F78C5-A119-4EF8-8EF9-2CA8B7BDCB75}.Release|Any CPU.ActiveCfg = Release|Any CPU
		{970F78C5-A119-4EF8-8EF9-2CA8B7BDCB75}.Release|Any CPU.Build.0 = Release|Any CPU
		{9FD9760B-B17F-4224-99AC-2DFC8631A7B2}.Debug|Any CPU.ActiveCfg = Debug|Any CPU
		{9FD9760B-B17F-4224-99AC-2DFC8631A7B2}.Debug|Any CPU.Build.0 = Debug|Any CPU
		{9FD9760B-B17F-4224-99AC-2DFC8631A7B2}.Release|Any CPU.ActiveCfg = Release|Any CPU
		{9FD9760B-B17F-4224-99AC-2DFC8631A7B2}.Release|Any CPU.Build.0 = Release|Any CPU
	EndGlobalSection
	GlobalSection(SolutionProperties) = preSolution
		HideSolutionNode = FALSE
	EndGlobalSection
	GlobalSection(ExtensibilityGlobals) = postSolution
		SolutionGuid = {4D813E45-9441-4D74-AAF9-30689AB7116C}
	EndGlobalSection
EndGlobal
