
Microsoft Visual Studio Solution File, Format Version 12.00
# Visual Studio Version 17
VisualStudioVersion = 17.2.32630.192
MinimumVisualStudioVersion = 10.0.40219.1
Project("{9A19103F-16F7-4668-BE54-9A1E7A4F7556}") = "R5T.T0183", "R5T.T0183\R5T.T0183.csproj", "{D2EA1818-A6C6-4E40-BF53-161F52FF3178}"
EndProject
Project("{2150E333-8FDC-42A3-9474-1A3956D46DE8}") = "_Dependencies", "_Dependencies", "{7D678654-3ADD-4ECD-B5C4-982818CC2097}"
EndProject
Project("{9A19103F-16F7-4668-BE54-9A1E7A4F7556}") = "R5T.T0132", "..\..\R5T.T0132\source\R5T.T0132\R5T.T0132.csproj", "{5A5E0828-0468-4E00-99E0-86294ECB7C2A}"
EndProject
Project("{9A19103F-16F7-4668-BE54-9A1E7A4F7556}") = "R5T.T0143", "..\..\R5T.T0143\source\R5T.T0143\R5T.T0143.csproj", "{F07CB4BC-1911-4FC5-97D6-0449620EA7E0}"
EndProject
Project("{9A19103F-16F7-4668-BE54-9A1E7A4F7556}") = "R5T.T0178", "..\..\R5T.T0178\source\R5T.T0178\R5T.T0178.csproj", "{8D06337F-E6F6-4139-B824-0FB2666257D3}"
EndProject
Project("{9A19103F-16F7-4668-BE54-9A1E7A4F7556}") = "R5T.T0179", "..\..\R5T.T0179\source\R5T.T0179\R5T.T0179.csproj", "{C5AB99E1-29D0-4854-9481-7439C3AF3DFD}"
EndProject
Project("{9A19103F-16F7-4668-BE54-9A1E7A4F7556}") = "R5T.T0156", "..\..\R5T.T0156\source\R5T.T0156\R5T.T0156.csproj", "{6FE0D6E0-8A06-4A2B-BB01-7432CBF544C6}"
EndProject
Project("{9A19103F-16F7-4668-BE54-9A1E7A4F7556}") = "R5T.Y0005", "..\..\R5T.Y0005\source\R5T.Y0005\R5T.Y0005.csproj", "{C78C8673-1B30-4C59-8F1C-0B1BC56F1ACA}"
EndProject
Global
	GlobalSection(NestedProjects) = preSolution
		{5A5E0828-0468-4E00-99E0-86294ECB7C2A} = {7D678654-3ADD-4ECD-B5C4-982818CC2097}
		{F07CB4BC-1911-4FC5-97D6-0449620EA7E0} = {7D678654-3ADD-4ECD-B5C4-982818CC2097}
		{8D06337F-E6F6-4139-B824-0FB2666257D3} = {7D678654-3ADD-4ECD-B5C4-982818CC2097}
		{C5AB99E1-29D0-4854-9481-7439C3AF3DFD} = {7D678654-3ADD-4ECD-B5C4-982818CC2097}
		{6FE0D6E0-8A06-4A2B-BB01-7432CBF544C6} = {7D678654-3ADD-4ECD-B5C4-982818CC2097}
		{C78C8673-1B30-4C59-8F1C-0B1BC56F1ACA} = {7D678654-3ADD-4ECD-B5C4-982818CC2097}
	EndGlobalSection
	GlobalSection(SolutionConfigurationPlatforms) = preSolution
		Debug|Any CPU = Debug|Any CPU
		Release|Any CPU = Release|Any CPU
	EndGlobalSection
	GlobalSection(ProjectConfigurationPlatforms) = postSolution
		{D2EA1818-A6C6-4E40-BF53-161F52FF3178}.Debug|Any CPU.ActiveCfg = Debug|Any CPU
		{D2EA1818-A6C6-4E40-BF53-161F52FF3178}.Debug|Any CPU.Build.0 = Debug|Any CPU
		{D2EA1818-A6C6-4E40-BF53-161F52FF3178}.Release|Any CPU.ActiveCfg = Release|Any CPU
		{D2EA1818-A6C6-4E40-BF53-161F52FF3178}.Release|Any CPU.Build.0 = Release|Any CPU
		{5A5E0828-0468-4E00-99E0-86294ECB7C2A}.Debug|Any CPU.ActiveCfg = Debug|Any CPU
		{5A5E0828-0468-4E00-99E0-86294ECB7C2A}.Debug|Any CPU.Build.0 = Debug|Any CPU
		{5A5E0828-0468-4E00-99E0-86294ECB7C2A}.Release|Any CPU.ActiveCfg = Release|Any CPU
		{5A5E0828-0468-4E00-99E0-86294ECB7C2A}.Release|Any CPU.Build.0 = Release|Any CPU
		{F07CB4BC-1911-4FC5-97D6-0449620EA7E0}.Debug|Any CPU.ActiveCfg = Debug|Any CPU
		{F07CB4BC-1911-4FC5-97D6-0449620EA7E0}.Debug|Any CPU.Build.0 = Debug|Any CPU
		{F07CB4BC-1911-4FC5-97D6-0449620EA7E0}.Release|Any CPU.ActiveCfg = Release|Any CPU
		{F07CB4BC-1911-4FC5-97D6-0449620EA7E0}.Release|Any CPU.Build.0 = Release|Any CPU
		{8D06337F-E6F6-4139-B824-0FB2666257D3}.Debug|Any CPU.ActiveCfg = Debug|Any CPU
		{8D06337F-E6F6-4139-B824-0FB2666257D3}.Debug|Any CPU.Build.0 = Debug|Any CPU
		{8D06337F-E6F6-4139-B824-0FB2666257D3}.Release|Any CPU.ActiveCfg = Release|Any CPU
		{8D06337F-E6F6-4139-B824-0FB2666257D3}.Release|Any CPU.Build.0 = Release|Any CPU
		{C5AB99E1-29D0-4854-9481-7439C3AF3DFD}.Debug|Any CPU.ActiveCfg = Debug|Any CPU
		{C5AB99E1-29D0-4854-9481-7439C3AF3DFD}.Debug|Any CPU.Build.0 = Debug|Any CPU
		{C5AB99E1-29D0-4854-9481-7439C3AF3DFD}.Release|Any CPU.ActiveCfg = Release|Any CPU
		{C5AB99E1-29D0-4854-9481-7439C3AF3DFD}.Release|Any CPU.Build.0 = Release|Any CPU
		{6FE0D6E0-8A06-4A2B-BB01-7432CBF544C6}.Debug|Any CPU.ActiveCfg = Debug|Any CPU
		{6FE0D6E0-8A06-4A2B-BB01-7432CBF544C6}.Debug|Any CPU.Build.0 = Debug|Any CPU
		{6FE0D6E0-8A06-4A2B-BB01-7432CBF544C6}.Release|Any CPU.ActiveCfg = Release|Any CPU
		{6FE0D6E0-8A06-4A2B-BB01-7432CBF544C6}.Release|Any CPU.Build.0 = Release|Any CPU
		{C78C8673-1B30-4C59-8F1C-0B1BC56F1ACA}.Debug|Any CPU.ActiveCfg = Debug|Any CPU
		{C78C8673-1B30-4C59-8F1C-0B1BC56F1ACA}.Debug|Any CPU.Build.0 = Debug|Any CPU
		{C78C8673-1B30-4C59-8F1C-0B1BC56F1ACA}.Release|Any CPU.ActiveCfg = Release|Any CPU
		{C78C8673-1B30-4C59-8F1C-0B1BC56F1ACA}.Release|Any CPU.Build.0 = Release|Any CPU
	EndGlobalSection
	GlobalSection(SolutionProperties) = preSolution
		HideSolutionNode = FALSE
	EndGlobalSection
	GlobalSection(ExtensibilityGlobals) = postSolution
		SolutionGuid = {75431768-49D6-43C6-807E-1A9E36739252}
	EndGlobalSection
EndGlobal
